<?xml version="1.0" encoding="utf-8"?>
<Project ToolsVersion="4.0" xmlns="http://schemas.microsoft.com/developer/msbuild/2003">
  <ItemGroup>
    <Filter Include="Resource Files">
      <UniqueIdentifier>{67DA6AB6-F800-4c08-8B7A-83BB121AAD01}</UniqueIdentifier>
      <Extensions>rc;ico;cur;bmp;dlg;rc2;rct;bin;rgs;gif;jpg;jpeg;jpe;resx;tiff;tif;png;wav;mfcribbon-ms</Extensions>
    </Filter>
    <Filter Include="Test">
      <UniqueIdentifier>{ba7cec37-8e61-433b-8298-40c99c470ed0}</UniqueIdentifier>
    </Filter>
    <Filter Include="Rendering">
      <UniqueIdentifier>{17d317ae-1c33-4f03-a2cb-37d5f82625b0}</UniqueIdentifier>
    </Filter>
    <Filter Include="Rendering\OpenGL">
      <UniqueIdentifier>{2f120e42-f14e-401b-a086-bb981dd6c066}</UniqueIdentifier>
    </Filter>
    <Filter Include="Rendering\OpenGL\Source">
      <UniqueIdentifier>{1e6b294f-0c38-431a-a8f7-db95d94292be}</UniqueIdentifier>
    </Filter>
    <Filter Include="Engine">
      <UniqueIdentifier>{2bde3de0-b5ac-43cb-8abd-cd513adb0dc7}</UniqueIdentifier>
    </Filter>
    <Filter Include="Engine\Assets">
      <UniqueIdentifier>{713afc58-5904-4689-8692-322416539830}</UniqueIdentifier>
    </Filter>
    <Filter Include="Engine\Assets\AssetManager">
      <UniqueIdentifier>{62c5e0f6-1686-4b81-a720-b45d77a25134}</UniqueIdentifier>
    </Filter>
    <Filter Include="Engine\Utilities">
      <UniqueIdentifier>{cfc0039d-49ca-41d6-b8ac-94739efd734e}</UniqueIdentifier>
    </Filter>
    <Filter Include="Engine\Assets\AssetManager\Archives">
      <UniqueIdentifier>{6c230136-c9a9-4693-b4e4-16dcfef461e8}</UniqueIdentifier>
    </Filter>
    <Filter Include="Engine\Utilities\Source">
      <UniqueIdentifier>{00a8e8c8-086c-4747-a949-afd070d584dd}</UniqueIdentifier>
    </Filter>
    <Filter Include="Engine\Assets\AssetManager\Source">
      <UniqueIdentifier>{56d629e7-cb8c-4fb6-a794-926be27c2844}</UniqueIdentifier>
    </Filter>
    <Filter Include="Engine\Config">
      <UniqueIdentifier>{d08fb2aa-64a0-4876-9b69-40c80ac4284f}</UniqueIdentifier>
    </Filter>
    <Filter Include="Rendering\Vulkan">
      <UniqueIdentifier>{c3f9cf4f-5a14-40ac-bcd8-8de591c913ae}</UniqueIdentifier>
    </Filter>
    <Filter Include="Rendering\Window">
      <UniqueIdentifier>{d606417e-466b-4aa8-a157-af4b2b561a21}</UniqueIdentifier>
    </Filter>
  </ItemGroup>
  <ItemGroup>
    <ClCompile Include="Test\test.cpp">
      <Filter>Test</Filter>
    </ClCompile>
    <ClCompile Include="Rendering\OpenGL\Source\glad.c">
      <Filter>Rendering\OpenGL\Source</Filter>
    </ClCompile>
    <ClCompile Include="Engine\Utilities\Source\FileUtilities.cpp">
      <Filter>Engine\Utilities\Source</Filter>
    </ClCompile>
    <ClCompile Include="Engine\Assets\AssetManager\Source\AssetManager.cpp">
      <Filter>Engine\Assets\AssetManager\Source</Filter>
    </ClCompile>
    <ClCompile Include="Engine\DataTypes\Source\StringUtils.cpp" />
    <ClCompile Include="Rendering\Vulkan\Source\VulkanRenderer.cpp" />
  </ItemGroup>
  <ItemGroup>
    <ClInclude Include="Engine\Assets\AssetManager\AssetManager.h">
      <Filter>Engine\Assets\AssetManager</Filter>
    </ClInclude>
    <ClInclude Include="Engine\Utilities\Console.h">
      <Filter>Engine\Utilities</Filter>
    </ClInclude>
    <ClInclude Include="Engine\Assets\AssetManager\Archives\DatArchive.h">
      <Filter>Engine\Assets\AssetManager\Archives</Filter>
    </ClInclude>
    <ClInclude Include="Engine\Utilities\FileUtilities.h">
      <Filter>Engine\Utilities</Filter>
    </ClInclude>
    <ClInclude Include="Engine\Utilities\Logging.h">
      <Filter>Engine\Utilities</Filter>
    </ClInclude>
    <ClInclude Include="Engine\Config\EngineConfig.gen">
      <Filter>Engine\Config</Filter>
    </ClInclude>
    <ClInclude Include="Engine\Config\EngineConfig.h">
      <Filter>Engine\Config</Filter>
    </ClInclude>
    <ClInclude Include="Engine\ReflectionMacros.h">
      <Filter>Engine</Filter>
    </ClInclude>
    <ClInclude Include="Rendering\Window\DatWindow.h">
      <Filter>Rendering\Window</Filter>
    </ClInclude>
    <ClInclude Include="Rendering\Renderer.h">
      <Filter>Rendering</Filter>
    </ClInclude>
    <ClInclude Include="Rendering\Vulkan\VulkanRenderer.h">
      <Filter>Rendering\Vulkan</Filter>
    </ClInclude>
    <ClInclude Include="Engine\DataTypes\StringUtils.h" />
    <ClInclude Include="Engine\Assets\AssetManager\Factories\AssetFactory.h" />
    <ClInclude Include="Engine\Assets\AssetManager\Factories\FragShaderFactory.h" />
    <ClInclude Include="Engine\Assets\AssetManager\Assets\BaseAsset.h" />
    <ClInclude Include="Engine\Assets\AssetManager\Assets\Shaders\FragShader.h" />
    <ClInclude Include="Engine\Assets\AssetManager\Assets\Shaders\VertShader.h" />
    <ClInclude Include="Engine\Utilities\Exceptions\UnknownResourceFactoryException.h" />
  </ItemGroup>
  <ItemGroup>
    <None Include="EngineAssets\Shaders\GLSL\Fresnel.frag" />
    <None Include="Resources\Shaders\GLSL\test.vert" />
    <None Include="Resources\Shaders\GLSL\test.frag" />
  </ItemGroup>
</Project>